// !$*UTF8*$!
{
	archiveVersion = 1;
	classes = {
	};
	objectVersion = 46;
	objects = {

/* Begin PBXBuildFile section */
		834B783C1E2D882500FE4176 /* AppDelegate.swift in Sources */ = {isa = PBXBuildFile; fileRef = 834B783B1E2D882500FE4176 /* AppDelegate.swift */; };
		834B783E1E2D882500FE4176 /* ViewController.swift in Sources */ = {isa = PBXBuildFile; fileRef = 834B783D1E2D882500FE4176 /* ViewController.swift */; };
		834B78411E2D882500FE4176 /* Main.storyboard in Resources */ = {isa = PBXBuildFile; fileRef = 834B783F1E2D882500FE4176 /* Main.storyboard */; };
		834B78431E2D882500FE4176 /* Assets.xcassets in Resources */ = {isa = PBXBuildFile; fileRef = 834B78421E2D882500FE4176 /* Assets.xcassets */; };
		834B78461E2D882500FE4176 /* LaunchScreen.storyboard in Resources */ = {isa = PBXBuildFile; fileRef = 834B78441E2D882500FE4176 /* LaunchScreen.storyboard */; };
		834B78511E2D882500FE4176 /* Assignment1iOSTests.swift in Sources */ = {isa = PBXBuildFile; fileRef = 834B78501E2D882500FE4176 /* Assignment1iOSTests.swift */; };
		834B785C1E2D882500FE4176 /* Assignment1iOSUITests.swift in Sources */ = {isa = PBXBuildFile; fileRef = 834B785B1E2D882500FE4176 /* Assignment1iOSUITests.swift */; };
/* End PBXBuildFile section */

/* Begin PBXContainerItemProxy section */
		834B784D1E2D882500FE4176 /* PBXContainerItemProxy */ = {
			isa = PBXContainerItemProxy;
			containerPortal = 834B78301E2D882500FE4176 /* Project object */;
			proxyType = 1;
			remoteGlobalIDString = 834B78371E2D882500FE4176;
			remoteInfo = Assignment1iOS;
		};
		834B78581E2D882500FE4176 /* PBXContainerItemProxy */ = {
			isa = PBXContainerItemProxy;
			containerPortal = 834B78301E2D882500FE4176 /* Project object */;
			proxyType = 1;
			remoteGlobalIDString = 834B78371E2D882500FE4176;
			remoteInfo = Assignment1iOS;
		};
/* End PBXContainerItemProxy section */

/* Begin PBXFileReference section */
		834B78381E2D882500FE4176 /* Assignment1iOS.app */ = {isa = PBXFileReference; explicitFileType = wrapper.application; includeInIndex = 0; path = Assignment1iOS.app; sourceTree = BUILT_PRODUCTS_DIR; };
		834B783B1E2D882500FE4176 /* AppDelegate.swift */ = {isa = PBXFileReference; lastKnownFileType = sourcecode.swift; path = AppDelegate.swift; sourceTree = "<group>"; };
		834B783D1E2D882500FE4176 /* ViewController.swift */ = {isa = PBXFileReference; lastKnownFileType = sourcecode.swift; path = ViewController.swift; sourceTree = "<group>"; };
		834B78401E2D882500FE4176 /* Base */ = {isa = PBXFileReference; lastKnownFileType = file.storyboard; name = Base; path = Base.lproj/Main.storyboard; sourceTree = "<group>"; };
		834B78421E2D882500FE4176 /* Assets.xcassets */ = {isa = PBXFileReference; lastKnownFileType = folder.assetcatalog; path = Assets.xcassets; sourceTree = "<group>"; };
		834B78451E2D882500FE4176 /* Base */ = {isa = PBXFileReference; lastKnownFileType = file.storyboard; name = Base; path = Base.lproj/LaunchScreen.storyboard; sourceTree = "<group>"; };
		834B78471E2D882500FE4176 /* Info.plist */ = {isa = PBXFileReference; lastKnownFileType = text.plist.xml; path = Info.plist; sourceTree = "<group>"; };
		834B784C1E2D882500FE4176 /* Assignment1iOSTests.xctest */ = {isa = PBXFileReference; explicitFileType = wrapper.cfbundle; includeInIndex = 0; path = Assignment1iOSTests.xctest; sourceTree = BUILT_PRODUCTS_DIR; };
		834B78501E2D882500FE4176 /* Assignment1iOSTests.swift */ = {isa = PBXFileReference; lastKnownFileType = sourcecode.swift; path = Assignment1iOSTests.swift; sourceTree = "<group>"; };
		834B78521E2D882500FE4176 /* Info.plist */ = {isa = PBXFileReference; lastKnownFileType = text.plist.xml; path = Info.plist; sourceTree = "<group>"; };
		834B78571E2D882500FE4176 /* Assignment1iOSUITests.xctest */ = {isa = PBXFileReference; explicitFileType = wrapper.cfbundle; includeInIndex = 0; path = Assignment1iOSUITests.xctest; sourceTree = BUILT_PRODUCTS_DIR; };
		834B785B1E2D882500FE4176 /* Assignment1iOSUITests.swift */ = {isa = PBXFileReference; lastKnownFileType = sourcecode.swift; path = Assignment1iOSUITests.swift; sourceTree = "<group>"; };
		834B785D1E2D882500FE4176 /* Info.plist */ = {isa = PBXFileReference; lastKnownFileType = text.plist.xml; path = Info.plist; sourceTree = "<group>"; };
/* End PBXFileReference section */

/* Begin PBXFrameworksBuildPhase section */
		834B78351E2D882500FE4176 /* Frameworks */ = {
			isa = PBXFrameworksBuildPhase;
			buildActionMask = 2147483647;
			files = (
			);
			runOnlyForDeploymentPostprocessing = 0;
		};
		834B78491E2D882500FE4176 /* Frameworks */ = {
			isa = PBXFrameworksBuildPhase;
			buildActionMask = 2147483647;
			files = (
			);
			runOnlyForDeploymentPostprocessing = 0;
		};
		834B78541E2D882500FE4176 /* Frameworks */ = {
			isa = PBXFrameworksBuildPhase;
			buildActionMask = 2147483647;
			files = (
			);
			runOnlyForDeploymentPostprocessing = 0;
		};
/* End PBXFrameworksBuildPhase section */

/* Begin PBXGroup section */
		834B782F1E2D882500FE4176 = {
			isa = PBXGroup;
			children = (
				834B783A1E2D882500FE4176 /* Assignment1iOS */,
				834B784F1E2D882500FE4176 /* Assignment1iOSTests */,
				834B785A1E2D882500FE4176 /* Assignment1iOSUITests */,
				834B78391E2D882500FE4176 /* Products */,
			);
			sourceTree = "<group>";
		};
		834B78391E2D882500FE4176 /* Products */ = {
			isa = PBXGroup;
			children = (
				834B78381E2D882500FE4176 /* Assignment1iOS.app */,
				834B784C1E2D882500FE4176 /* Assignment1iOSTests.xctest */,
				834B78571E2D882500FE4176 /* Assignment1iOSUITests.xctest */,
			);
			name = Products;
			sourceTree = "<group>";
		};
		834B783A1E2D882500FE4176 /* Assignment1iOS */ = {
			isa = PBXGroup;
			children = (
				834B783B1E2D882500FE4176 /* AppDelegate.swift */,
				834B783D1E2D882500FE4176 /* ViewController.swift */,
				834B783F1E2D882500FE4176 /* Main.storyboard */,
				834B78421E2D882500FE4176 /* Assets.xcassets */,
				834B78441E2D882500FE4176 /* LaunchScreen.storyboard */,
				834B78471E2D882500FE4176 /* Info.plist */,
			);
			path = Assignment1iOS;
			sourceTree = "<group>";
		};
		834B784F1E2D882500FE4176 /* Assignment1iOSTests */ = {
			isa = PBXGroup;
			children = (
				834B78501E2D882500FE4176 /* Assignment1iOSTests.swift */,
				834B78521E2D882500FE4176 /* Info.plist */,
			);
			path = Assignment1iOSTests;
			sourceTree = "<group>";
		};
		834B785A1E2D882500FE4176 /* Assignment1iOSUITests */ = {
			isa = PBXGroup;
			children = (
				834B785B1E2D882500FE4176 /* Assignment1iOSUITests.swift */,
				834B785D1E2D882500FE4176 /* Info.plist */,
			);
			path = Assignment1iOSUITests;
			sourceTree = "<group>";
		};
/* End PBXGroup section */

/* Begin PBXNativeTarget section */
		834B78371E2D882500FE4176 /* Assignment1iOS */ = {
			isa = PBXNativeTarget;
			buildConfigurationList = 834B78601E2D882500FE4176 /* Build configuration list for PBXNativeTarget "Assignment1iOS" */;
			buildPhases = (
				834B78341E2D882500FE4176 /* Sources */,
				834B78351E2D882500FE4176 /* Frameworks */,
				834B78361E2D882500FE4176 /* Resources */,
			);
			buildRules = (
			);
			dependencies = (
			);
			name = Assignment1iOS;
			productName = Assignment1iOS;
			productReference = 834B78381E2D882500FE4176 /* Assignment1iOS.app */;
			productType = "com.apple.product-type.application";
		};
		834B784B1E2D882500FE4176 /* Assignment1iOSTests */ = {
			isa = PBXNativeTarget;
			buildConfigurationList = 834B78631E2D882500FE4176 /* Build configuration list for PBXNativeTarget "Assignment1iOSTests" */;
			buildPhases = (
				834B78481E2D882500FE4176 /* Sources */,
				834B78491E2D882500FE4176 /* Frameworks */,
				834B784A1E2D882500FE4176 /* Resources */,
			);
			buildRules = (
			);
			dependencies = (
				834B784E1E2D882500FE4176 /* PBXTargetDependency */,
			);
			name = Assignment1iOSTests;
			productName = Assignment1iOSTests;
			productReference = 834B784C1E2D882500FE4176 /* Assignment1iOSTests.xctest */;
			productType = "com.apple.product-type.bundle.unit-test";
		};
		834B78561E2D882500FE4176 /* Assignment1iOSUITests */ = {
			isa = PBXNativeTarget;
			buildConfigurationList = 834B78661E2D882500FE4176 /* Build configuration list for PBXNativeTarget "Assignment1iOSUITests" */;
			buildPhases = (
				834B78531E2D882500FE4176 /* Sources */,
				834B78541E2D882500FE4176 /* Frameworks */,
				834B78551E2D882500FE4176 /* Resources */,
			);
			buildRules = (
			);
			dependencies = (
				834B78591E2D882500FE4176 /* PBXTargetDependency */,
			);
			name = Assignment1iOSUITests;
			productName = Assignment1iOSUITests;
			productReference = 834B78571E2D882500FE4176 /* Assignment1iOSUITests.xctest */;
			productType = "com.apple.product-type.bundle.ui-testing";
		};
/* End PBXNativeTarget section */

/* Begin PBXProject section */
		834B78301E2D882500FE4176 /* Project object */ = {
			isa = PBXProject;
			attributes = {
				LastSwiftUpdateCheck = 0820;
				LastUpgradeCheck = 0820;
				ORGANIZATIONNAME = "Christopher Henderson";
				TargetAttributes = {
					834B78371E2D882500FE4176 = {
						CreatedOnToolsVersion = 8.2.1;
						ProvisioningStyle = Automatic;
					};
					834B784B1E2D882500FE4176 = {
						CreatedOnToolsVersion = 8.2.1;
						ProvisioningStyle = Automatic;
						TestTargetID = 834B78371E2D882500FE4176;
					};
					834B78561E2D882500FE4176 = {
						CreatedOnToolsVersion = 8.2.1;
						ProvisioningStyle = Automatic;
						TestTargetID = 834B78371E2D882500FE4176;
					};
				};
			};
			buildConfigurationList = 834B78331E2D882500FE4176 /* Build configuration list for PBXProject "Assignment1iOS" */;
			compatibilityVersion = "Xcode 3.2";
			developmentRegion = English;
			hasScannedForEncodings = 0;
			knownRegions = (
				en,
				Base,
			);
			mainGroup = 834B782F1E2D882500FE4176;
			productRefGroup = 834B78391E2D882500FE4176 /* Products */;
			projectDirPath = "";
			projectRoot = "";
			targets = (
				834B78371E2D882500FE4176 /* Assignment1iOS */,
				834B784B1E2D882500FE4176 /* Assignment1iOSTests */,
				834B78561E2D882500FE4176 /* Assignment1iOSUITests */,
			);
		};
/* End PBXProject section */

/* Begin PBXResourcesBuildPhase section */
		834B78361E2D882500FE4176 /* Resources */ = {
			isa = PBXResourcesBuildPhase;
			buildActionMask = 2147483647;
			files = (
				834B78461E2D882500FE4176 /* LaunchScreen.storyboard in Resources */,
				834B78431E2D882500FE4176 /* Assets.xcassets in Resources */,
				834B78411E2D882500FE4176 /* Main.storyboard in Resources */,
			);
			runOnlyForDeploymentPostprocessing = 0;
		};
		834B784A1E2D882500FE4176 /* Resources */ = {
			isa = PBXResourcesBuildPhase;
			buildActionMask = 2147483647;
			files = (
			);
			runOnlyForDeploymentPostprocessing = 0;
		};
		834B78551E2D882500FE4176 /* Resources */ = {
			isa = PBXResourcesBuildPhase;
			buildActionMask = 2147483647;
			files = (
			);
			runOnlyForDeploymentPostprocessing = 0;
		};
/* End PBXResourcesBuildPhase section */

/* Begin PBXSourcesBuildPhase section */
		834B78341E2D882500FE4176 /* Sources */ = {
			isa = PBXSourcesBuildPhase;
			buildActionMask = 2147483647;
			files = (
				834B783E1E2D882500FE4176 /* ViewController.swift in Sources */,
				834B783C1E2D882500FE4176 /* AppDelegate.swift in Sources */,
			);
			runOnlyForDeploymentPostprocessing = 0;
		};
		834B78481E2D882500FE4176 /* Sources */ = {
			isa = PBXSourcesBuildPhase;
			buildActionMask = 2147483647;
			files = (
				834B78511E2D882500FE4176 /* Assignment1iOSTests.swift in Sources */,
			);
			runOnlyForDeploymentPostprocessing = 0;
		};
		834B78531E2D882500FE4176 /* Sources */ = {
			isa = PBXSourcesBuildPhase;
			buildActionMask = 2147483647;
			files = (
				834B785C1E2D882500FE4176 /* Assignment1iOSUITests.swift in Sources */,
			);
			runOnlyForDeploymentPostprocessing = 0;
		};
/* End PBXSourcesBuildPhase section */

/* Begin PBXTargetDependency section */
		834B784E1E2D882500FE4176 /* PBXTargetDependency */ = {
			isa = PBXTargetDependency;
			target = 834B78371E2D882500FE4176 /* Assignment1iOS */;
			targetProxy = 834B784D1E2D882500FE4176 /* PBXContainerItemProxy */;
		};
		834B78591E2D882500FE4176 /* PBXTargetDependency */ = {
			isa = PBXTargetDependency;
			target = 834B78371E2D882500FE4176 /* Assignment1iOS */;
			targetProxy = 834B78581E2D882500FE4176 /* PBXContainerItemProxy */;
		};
/* End PBXTargetDependency section */

/* Begin PBXVariantGroup section */
		834B783F1E2D882500FE4176 /* Main.storyboard */ = {
			isa = PBXVariantGroup;
			children = (
				834B78401E2D882500FE4176 /* Base */,
			);
			name = Main.storyboard;
			sourceTree = "<group>";
		};
		834B78441E2D882500FE4176 /* LaunchScreen.storyboard */ = {
			isa = PBXVariantGroup;
			children = (
				834B78451E2D882500FE4176 /* Base */,
			);
			name = LaunchScreen.storyboard;
			sourceTree = "<group>";
		};
/* End PBXVariantGroup section */

/* Begin XCBuildConfiguration section */
		834B785E1E2D882500FE4176 /* Debug */ = {
			isa = XCBuildConfiguration;
			buildSettings = {
				ALWAYS_SEARCH_USER_PATHS = NO;
				CLANG_ANALYZER_NONNULL = YES;
				CLANG_CXX_LANGUAGE_STANDARD = "gnu++0x";
				CLANG_CXX_LIBRARY = "libc++";
				CLANG_ENABLE_MODULES = YES;
				CLANG_ENABLE_OBJC_ARC = YES;
				CLANG_WARN_BOOL_CONVERSION = YES;
				CLANG_WARN_CONSTANT_CONVERSION = YES;
				CLANG_WARN_DIRECT_OBJC_ISA_USAGE = YES_ERROR;
				CLANG_WARN_DOCUMENTATION_COMMENTS = YES;
				CLANG_WARN_EMPTY_BODY = YES;
				CLANG_WARN_ENUM_CONVERSION = YES;
				CLANG_WARN_INFINITE_RECURSION = YES;
				CLANG_WARN_INT_CONVERSION = YES;
				CLANG_WARN_OBJC_ROOT_CLASS = YES_ERROR;
				CLANG_WARN_SUSPICIOUS_MOVE = YES;
				CLANG_WARN_UNREACHABLE_CODE = YES;
				CLANG_WARN__DUPLICATE_METHOD_MATCH = YES;
				"CODE_SIGN_IDENTITY[sdk=iphoneos*]" = "iPhone Developer";
				COPY_PHASE_STRIP = NO;
				DEBUG_INFORMATION_FORMAT = dwarf;
				ENABLE_STRICT_OBJC_MSGSEND = YES;
				ENABLE_TESTABILITY = YES;
				GCC_C_LANGUAGE_STANDARD = gnu99;
				GCC_DYNAMIC_NO_PIC = NO;
				GCC_NO_COMMON_BLOCKS = YES;
				GCC_OPTIMIZATION_LEVEL = 0;
				GCC_PREPROCESSOR_DEFINITIONS = (
					"DEBUG=1",
					"$(inherited)",
				);
				GCC_WARN_64_TO_32_BIT_CONVERSION = YES;
				GCC_WARN_ABOUT_RETURN_TYPE = YES_ERROR;
				GCC_WARN_UNDECLARED_SELECTOR = YES;
				GCC_WARN_UNINITIALIZED_AUTOS = YES_AGGRESSIVE;
				GCC_WARN_UNUSED_FUNCTION = YES;
				GCC_WARN_UNUSED_VARIABLE = YES;
				IPHONEOS_DEPLOYMENT_TARGET = 10.2;
				MTL_ENABLE_DEBUG_INFO = YES;
				ONLY_ACTIVE_ARCH = YES;
				SDKROOT = iphoneos;
				SWIFT_ACTIVE_COMPILATION_CONDITIONS = DEBUG;
				SWIFT_OPTIMIZATION_LEVEL = "-Onone";
				TARGETED_DEVICE_FAMILY = "1,2";
			};
			name = Debug;
		};
		834B785F1E2D882500FE4176 /* Release */ = {
			isa = XCBuildConfiguration;
			buildSettings = {
				ALWAYS_SEARCH_USER_PATHS = NO;
				CLANG_ANALYZER_NONNULL = YES;
				CLANG_CXX_LANGUAGE_STANDARD = "gnu++0x";
				CLANG_CXX_LIBRARY = "libc++";
				CLANG_ENABLE_MODULES = YES;
				CLANG_ENABLE_OBJC_ARC = YES;
				CLANG_WARN_BOOL_CONVERSION = YES;
				CLANG_WARN_CONSTANT_CONVERSION = YES;
				CLANG_WARN_DIRECT_OBJC_ISA_USAGE = YES_ERROR;
				CLANG_WARN_DOCUMENTATION_COMMENTS = YES;
				CLANG_WARN_EMPTY_BODY = YES;
				CLANG_WARN_ENUM_CONVERSION = YES;
				CLANG_WARN_INFINITE_RECURSION = YES;
				CLANG_WARN_INT_CONVERSION = YES;
				CLANG_WARN_OBJC_ROOT_CLASS = YES_ERROR;
				CLANG_WARN_SUSPICIOUS_MOVE = YES;
				CLANG_WARN_UNREACHABLE_CODE = YES;
				CLANG_WARN__DUPLICATE_METHOD_MATCH = YES;
				"CODE_SIGN_IDENTITY[sdk=iphoneos*]" = "iPhone Developer";
				COPY_PHASE_STRIP = NO;
				DEBUG_INFORMATION_FORMAT = "dwarf-with-dsym";
				ENABLE_NS_ASSERTIONS = NO;
				ENABLE_STRICT_OBJC_MSGSEND = YES;
				GCC_C_LANGUAGE_STANDARD = gnu99;
				GCC_NO_COMMON_BLOCKS = YES;
				GCC_WARN_64_TO_32_BIT_CONVERSION = YES;
				GCC_WARN_ABOUT_RETURN_TYPE = YES_ERROR;
				GCC_WARN_UNDECLARED_SELECTOR = YES;
				GCC_WARN_UNINITIALIZED_AUTOS = YES_AGGRESSIVE;
				GCC_WARN_UNUSED_FUNCTION = YES;
				GCC_WARN_UNUSED_VARIABLE = YES;
				IPHONEOS_DEPLOYMENT_TARGET = 10.2;
				MTL_ENABLE_DEBUG_INFO = NO;
				SDKROOT = iphoneos;
				SWIFT_OPTIMIZATION_LEVEL = "-Owholemodule";
				TARGETED_DEVICE_FAMILY = "1,2";
				VALIDATE_PRODUCT = YES;
			};
			name = Release;
		};
		834B78611E2D882500FE4176 /* Debug */ = {
			isa = XCBuildConfiguration;
			buildSettings = {
				ASSETCATALOG_COMPILER_APPICON_NAME = AppIcon;
				INFOPLIST_FILE = Assignment1iOS/Info.plist;
				LD_RUNPATH_SEARCH_PATHS = "$(inherited) @executable_path/Frameworks";
				PRODUCT_BUNDLE_IDENTIFIER = edu.asu.bsse.cghende1.assign1.Assignment1iOS;
				PRODUCT_NAME = "$(TARGET_NAME)";
				SWIFT_VERSION = 3.0;
			};
			name = Debug;
		};
		834B78621E2D882500FE4176 /* Release */ = {
			isa = XCBuildConfiguration;
			buildSettings = {
				ASSETCATALOG_COMPILER_APPICON_NAME = AppIcon;
				INFOPLIST_FILE = Assignment1iOS/Info.plist;
				LD_RUNPATH_SEARCH_PATHS = "$(inherited) @executable_path/Frameworks";
				PRODUCT_BUNDLE_IDENTIFIER = edu.asu.bsse.cghende1.assign1.Assignment1iOS;
				PRODUCT_NAME = "$(TARGET_NAME)";
				SWIFT_VERSION = 3.0;
			};
			name = Release;
		};
		834B78641E2D882500FE4176 /* Debug */ = {
			isa = XCBuildConfiguration;
			buildSettings = {
				ALWAYS_EMBED_SWIFT_STANDARD_LIBRARIES = YES;
				BUNDLE_LOADER = "$(TEST_HOST)";
				INFOPLIST_FILE = Assignment1iOSTests/Info.plist;
				LD_RUNPATH_SEARCH_PATHS = "$(inherited) @executable_path/Frameworks @loader_path/Frameworks";
				PRODUCT_BUNDLE_IDENTIFIER = edu.asu.bsse.cghende1.assign1.Assignment1iOSTests;
				PRODUCT_NAME = "$(TARGET_NAME)";
				SWIFT_VERSION = 3.0;
				TEST_HOST = "$(BUILT_PRODUCTS_DIR)/Assignment1iOS.app/Assignment1iOS";
			};
			name = Debug;
		};
		834B78651E2D882500FE4176 /* Release */ = {
			isa = XCBuildConfiguration;
			buildSettings = {
				ALWAYS_EMBED_SWIFT_STANDARD_LIBRARIES = YES;
				BUNDLE_LOADER = "$(TEST_HOST)";
				INFOPLIST_FILE = Assignment1iOSTests/Info.plist;
				LD_RUNPATH_SEARCH_PATHS = "$(inherited) @executable_path/Frameworks @loader_path/Frameworks";
				PRODUCT_BUNDLE_IDENTIFIER = edu.asu.bsse.cghende1.assign1.Assignment1iOSTests;
				PRODUCT_NAME = "$(TARGET_NAME)";
				SWIFT_VERSION = 3.0;
				TEST_HOST = "$(BUILT_PRODUCTS_DIR)/Assignment1iOS.app/Assignment1iOS";
			};
			name = Release;
		};
		834B78671E2D882500FE4176 /* Debug */ = {
			isa = XCBuildConfiguration;
			buildSettings = {
				ALWAYS_EMBED_SWIFT_STANDARD_LIBRARIES = YES;
				INFOPLIST_FILE = Assignment1iOSUITests/Info.plist;
				LD_RUNPATH_SEARCH_PATHS = "$(inherited) @executable_path/Frameworks @loader_path/Frameworks";
				PRODUCT_BUNDLE_IDENTIFIER = edu.asu.bsse.cghende1.assign1.Assignment1iOSUITests;
				PRODUCT_NAME = "$(TARGET_NAME)";
				SWIFT_VERSION = 3.0;
				TEST_TARGET_NAME = Assignment1iOS;
			};
			name = Debug;
		};
		834B78681E2D882500FE4176 /* Release */ = {
			isa = XCBuildConfiguration;
			buildSettings = {
				ALWAYS_EMBED_SWIFT_STANDARD_LIBRARIES = YES;
				INFOPLIST_FILE = Assignment1iOSUITests/Info.plist;
				LD_RUNPATH_SEARCH_PATHS = "$(inherited) @executable_path/Frameworks @loader_path/Frameworks";
				PRODUCT_BUNDLE_IDENTIFIER = edu.asu.bsse.cghende1.assign1.Assignment1iOSUITests;
				PRODUCT_NAME = "$(TARGET_NAME)";
				SWIFT_VERSION = 3.0;
				TEST_TARGET_NAME = Assignment1iOS;
			};
			name = Release;
		};
/* End XCBuildConfiguration section */

/* Begin XCConfigurationList section */
		834B78331E2D882500FE4176 /* Build configuration list for PBXProject "Assignment1iOS" */ = {
			isa = XCConfigurationList;
			buildConfigurations = (
				834B785E1E2D882500FE4176 /* Debug */,
				834B785F1E2D882500FE4176 /* Release */,
			);
			defaultConfigurationIsVisible = 0;
			defaultConfigurationName = Release;
		};
		834B78601E2D882500FE4176 /* Build configuration list for PBXNativeTarget "Assignment1iOS" */ = {
			isa = XCConfigurationList;
			buildConfigurations = (
				834B78611E2D882500FE4176 /* Debug */,
				834B78621E2D882500FE4176 /* Release */,
			);
			defaultConfigurationIsVisible = 0;
		};
		834B78631E2D882500FE4176 /* Build configuration list for PBXNativeTarget "Assignment1iOSTests" */ = {
			isa = XCConfigurationList;
			buildConfigurations = (
				834B78641E2D882500FE4176 /* Debug */,
				834B78651E2D882500FE4176 /* Release */,
			);
			defaultConfigurationIsVisible = 0;
		};
		834B78661E2D882500FE4176 /* Build configuration list for PBXNativeTarget "Assignment1iOSUITests" */ = {
			isa = XCConfigurationList;
			buildConfigurations = (
				834B78671E2D882500FE4176 /* Debug */,
				834B78681E2D882500FE4176 /* Release */,
			);
			defaultConfigurationIsVisible = 0;
		};
/* End XCConfigurationList section */
	};
	rootObject = 834B78301E2D882500FE4176 /* Project object */;
}
